<Solution>
  <Configurations>
    <Platform Name="Any CPU" />
    <Platform Name="arm64" />
    <Platform Name="x86" />
  </Configurations>
  <Project Path="src/LoreVS.csproj">
    <Platform Solution="*|arm64" Project="arm64" />
    <Platform Solution="*|x86" Project="x86" />
    <Deploy Solution="Debug|Any CPU" />
  </Project>
  <Project Path="test/LoreVS.Tests/LoreVS.Tests.csproj" />
</Solution>
